
Microsoft Visual Studio Solution File, Format Version 12.00
# Visual Studio Version 17
VisualStudioVersion = 17.5.002.0
MinimumVisualStudioVersion = 10.0.40219.1
Project("{9A19103F-16F7-4668-BE54-9A1E7A4F7556}") = "HireMeAPI", "HireMeAPI.csproj", "{B720C20B-2372-4CF5-88A5-7F08514388E7}"
EndProject
Global
	GlobalSection(SolutionConfigurationPlatforms) = preSolution
		Debug|Any CPU = Debug|Any CPU
		Release|Any CPU = Release|Any CPU
	EndGlobalSection
	GlobalSection(ProjectConfigurationPlatforms) = postSolution
		{B720C20B-2372-4CF5-88A5-7F08514388E7}.Debug|Any CPU.ActiveCfg = Debug|Any CPU
		{B720C20B-2372-4CF5-88A5-7F08514388E7}.Debug|Any CPU.Build.0 = Debug|Any CPU
		{B720C20B-2372-4CF5-88A5-7F08514388E7}.Release|Any CPU.ActiveCfg = Release|Any CPU
		{B720C20B-2372-4CF5-88A5-7F08514388E7}.Release|Any CPU.Build.0 = Release|Any CPU
	EndGlobalSection
	GlobalSection(SolutionProperties) = preSolution
		HideSolutionNode = FALSE
	EndGlobalSection
	GlobalSection(ExtensibilityGlobals) = postSolution
		SolutionGuid = {B91BE596-3701-4494-8D21-AED2F2E203A3}
	EndGlobalSection
EndGlobal
